
Microsoft Visual Studio Solution File, Format Version 12.00
# Visual Studio Version 17
VisualStudioVersion = 17.0.32014.148
MinimumVisualStudioVersion = 10.0.40219.1
Project("{FAE04EC0-301F-11D3-BF4B-00C04F79EFBC}") = "DNT_Assignment", "DNT_Assignment.csproj", "{91BA2585-81AD-404B-9372-DB8BE70E0F20}"
EndProject
Global
	GlobalSection(SolutionConfigurationPlatforms) = preSolution
		Debug|Any CPU = Debug|Any CPU
		Release|Any CPU = Release|Any CPU
	EndGlobalSection
	GlobalSection(ProjectConfigurationPlatforms) = postSolution
		{91BA2585-81AD-404B-9372-DB8BE70E0F20}.Debug|Any CPU.ActiveCfg = Debug|Any CPU
		{91BA2585-81AD-404B-9372-DB8BE70E0F20}.Debug|Any CPU.Build.0 = Debug|Any CPU
		{91BA2585-81AD-404B-9372-DB8BE70E0F20}.Release|Any CPU.ActiveCfg = Release|Any CPU
		{91BA2585-81AD-404B-9372-DB8BE70E0F20}.Release|Any CPU.Build.0 = Release|Any CPU
	EndGlobalSection
	GlobalSection(SolutionProperties) = preSolution
		HideSolutionNode = FALSE
	EndGlobalSection
	GlobalSection(ExtensibilityGlobals) = postSolution
		SolutionGuid = {2C737DE6-9717-48B7-91D2-5D876C7FE0F7}
	EndGlobalSection
EndGlobal
